
Microsoft Visual Studio Solution File, Format Version 12.00
# Visual Studio Version 16
VisualStudioVersion = 16.0.34031.81
MinimumVisualStudioVersion = 10.0.40219.1
Project("{2150E333-8FDC-42A3-9474-1A3956D46DE8}") = "Client", "Client", "{3906288C-D688-4E78-969B-1A4021EC1E63}"
EndProject
Project("{2150E333-8FDC-42A3-9474-1A3956D46DE8}") = "Core", "Core", "{5A2D0206-42BE-4F8A-A660-5D97DAC8D607}"
EndProject
Project("{2150E333-8FDC-42A3-9474-1A3956D46DE8}") = "Data", "Data", "{F71FF5B7-BE5E-4E89-AAEC-D02504AC52C1}"
EndProject
Project("{2150E333-8FDC-42A3-9474-1A3956D46DE8}") = "Services", "Services", "{A1077C3D-F295-4140-A27E-50D26ECFC77D}"
EndProject
Project("{2150E333-8FDC-42A3-9474-1A3956D46DE8}") = "Tests", "Tests", "{84B91933-FB01-4540-8236-BDECCBF13715}"
EndProject
Project("{FAE04EC0-301F-11D3-BF4B-00C04F79EFBC}") = "GeoSit.Client.Web", "Client\GeoSit.Client.Web\GeoSit.Client.Web.csproj", "{4CBF3512-8B1A-4050-B4D9-3DE880DF915E}"
	ProjectSection(ProjectDependencies) = postProject
		{8B12C451-3A80-407B-85D6-0122022E1B47} = {8B12C451-3A80-407B-85D6-0122022E1B47}
		{AD3C9F66-1110-4666-9DC4-0960018C3066} = {AD3C9F66-1110-4666-9DC4-0960018C3066}
		{9C789EAD-0393-4139-A990-1852207764FC} = {9C789EAD-0393-4139-A990-1852207764FC}
		{BCE195BA-8854-4FC7-A829-9A2DDB3D9560} = {BCE195BA-8854-4FC7-A829-9A2DDB3D9560}
	EndProjectSection
EndProject
Project("{FAE04EC0-301F-11D3-BF4B-00C04F79EFBC}") = "GeoSit.Web.Api", "Services\GeoSit.Web.Api\GeoSit.Web.Api.csproj", "{F5DCF2CF-4862-4E55-B288-AC2E990FF6EE}"
EndProject
Project("{2150E333-8FDC-42A3-9474-1A3956D46DE8}") = "DAL", "DAL", "{E2A9B9F7-4562-440E-899B-D413ADD2ED5F}"
EndProject
Project("{2150E333-8FDC-42A3-9474-1A3956D46DE8}") = "BusinessEntities", "BusinessEntities", "{45429FD1-9B43-43E3-98C4-B8089347A361}"
EndProject
Project("{FAE04EC0-301F-11D3-BF4B-00C04F79EFBC}") = "GeoSit.Data.BusinessEntities", "Data\BusinessEntities\GeoSit.Data.BusinessEntities.csproj", "{AD3C9F66-1110-4666-9DC4-0960018C3066}"
EndProject
Project("{FAE04EC0-301F-11D3-BF4B-00C04F79EFBC}") = "GeoSit.Data.DAL", "Data\DAL\GeoSit.Data.DAL.csproj", "{F079C0DB-D934-4F33-BC5F-28C071A46F2D}"
EndProject
Project("{FAE04EC0-301F-11D3-BF4B-00C04F79EFBC}") = "GeoSit.Data.Mappers", "Data\Mappers\GeoSit.Data.Mappers.csproj", "{53106ACF-A4F5-4AE3-805B-97BAB6F1095D}"
EndProject
Project("{2150E333-8FDC-42A3-9474-1A3956D46DE8}") = "Mappers", "Mappers", "{EF76AB68-0D43-41D4-92FB-2442D11A11B2}"
EndProject
Project("{FAE04EC0-301F-11D3-BF4B-00C04F79EFBC}") = "GeoSit.Core.Logging", "Core\GeoSit.Core.Logging\GeoSit.Core.Logging.csproj", "{BCE195BA-8854-4FC7-A829-9A2DDB3D9560}"
EndProject
Project("{2150E333-8FDC-42A3-9474-1A3956D46DE8}") = ".nuget", ".nuget", "{9284F359-BFF0-413C-8DFA-8B7391D17367}"
	ProjectSection(SolutionItems) = preProject
		.nuget\NuGet.Config = .nuget\NuGet.Config
		.nuget\NuGet.exe = .nuget\NuGet.exe
		.nuget\NuGet.targets = .nuget\NuGet.targets
	EndProjectSection
EndProject
Project("{2150E333-8FDC-42A3-9474-1A3956D46DE8}") = "Libraries", "Libraries", "{C2D66495-E01F-4202-9CFC-DBB5187EED2E}"
EndProject
Project("{FAE04EC0-301F-11D3-BF4B-00C04F79EFBC}") = "MPFuncionesEspeciales", "Core\Libraries\MPFuncionesEspeciales\MPFuncionesEspeciales.csproj", "{9C789EAD-0393-4139-A990-1852207764FC}"
	ProjectSection(ProjectDependencies) = postProject
		{AD3C9F66-1110-4666-9DC4-0960018C3066} = {AD3C9F66-1110-4666-9DC4-0960018C3066}
		{F079C0DB-D934-4F33-BC5F-28C071A46F2D} = {F079C0DB-D934-4F33-BC5F-28C071A46F2D}
	EndProjectSection
EndProject
Project("{FAE04EC0-301F-11D3-BF4B-00C04F79EFBC}") = "PDFUtilities", "Core\Libraries\PDFUtilities\PDFUtilities.csproj", "{8B12C451-3A80-407B-85D6-0122022E1B47}"
EndProject
Project("{FAE04EC0-301F-11D3-BF4B-00C04F79EFBC}") = "GeoSit.Reportes.Api", "Services\GeoSit.Reportes.Api\GeoSit.Reportes.Api.csproj", "{2B2F2AD9-E9C8-47EE-8EE3-564F017F923C}"
EndProject
Project("{FAE04EC0-301F-11D3-BF4B-00C04F79EFBC}") = "Geosit.Core.Utils", "Core\Geosit.Core.Utils\Geosit.Core.Utils.csproj", "{F46236FF-0A2A-45A2-875D-A929B61A75CF}"
EndProject
Project("{FAE04EC0-301F-11D3-BF4B-00C04F79EFBC}") = "Tests", "Tests\Tests\Tests.csproj", "{2C0B0B6A-615D-46D9-91D5-D832D3A20FBB}"
EndProject
Project("{FAE04EC0-301F-11D3-BF4B-00C04F79EFBC}") = "GeoSit.SGT.Api", "Services\GeoSit.SGT.Api\GeoSit.SGT.Api.csproj", "{18B074C5-BD69-47B5-BEE4-378DCF6C8D11}"
EndProject
Project("{FAE04EC0-301F-11D3-BF4B-00C04F79EFBC}") = "SGTEntities", "Data\SGTEntities\SGTEntities.csproj", "{8DB69652-283D-4AB1-B530-28B06C7487B9}"
EndProject
Project("{FAE04EC0-301F-11D3-BF4B-00C04F79EFBC}") = "GeoSit.RPI.Api", "Services\GeoSit.RPI.Api\GeoSit.RPI.Api.csproj", "{4E097747-68B4-4C5E-A850-72E34C90F48B}"
EndProject
Global
	GlobalSection(SolutionConfigurationPlatforms) = preSolution
		Debug|Any CPU = Debug|Any CPU
		Release|Any CPU = Release|Any CPU
	EndGlobalSection
	GlobalSection(ProjectConfigurationPlatforms) = postSolution
		{4CBF3512-8B1A-4050-B4D9-3DE880DF915E}.Debug|Any CPU.ActiveCfg = Debug|Any CPU
		{4CBF3512-8B1A-4050-B4D9-3DE880DF915E}.Debug|Any CPU.Build.0 = Debug|Any CPU
		{4CBF3512-8B1A-4050-B4D9-3DE880DF915E}.Release|Any CPU.ActiveCfg = Release|Any CPU
		{4CBF3512-8B1A-4050-B4D9-3DE880DF915E}.Release|Any CPU.Build.0 = Release|Any CPU
		{F5DCF2CF-4862-4E55-B288-AC2E990FF6EE}.Debug|Any CPU.ActiveCfg = Debug|Any CPU
		{F5DCF2CF-4862-4E55-B288-AC2E990FF6EE}.Debug|Any CPU.Build.0 = Debug|Any CPU
		{F5DCF2CF-4862-4E55-B288-AC2E990FF6EE}.Release|Any CPU.ActiveCfg = Release|Any CPU
		{F5DCF2CF-4862-4E55-B288-AC2E990FF6EE}.Release|Any CPU.Build.0 = Release|Any CPU
		{AD3C9F66-1110-4666-9DC4-0960018C3066}.Debug|Any CPU.ActiveCfg = Debug|Any CPU
		{AD3C9F66-1110-4666-9DC4-0960018C3066}.Debug|Any CPU.Build.0 = Debug|Any CPU
		{AD3C9F66-1110-4666-9DC4-0960018C3066}.Debug|Any CPU.Deploy.0 = Debug|Any CPU
		{AD3C9F66-1110-4666-9DC4-0960018C3066}.Release|Any CPU.ActiveCfg = Release|Any CPU
		{AD3C9F66-1110-4666-9DC4-0960018C3066}.Release|Any CPU.Build.0 = Release|Any CPU
		{F079C0DB-D934-4F33-BC5F-28C071A46F2D}.Debug|Any CPU.ActiveCfg = Debug|Any CPU
		{F079C0DB-D934-4F33-BC5F-28C071A46F2D}.Debug|Any CPU.Build.0 = Debug|Any CPU
		{F079C0DB-D934-4F33-BC5F-28C071A46F2D}.Release|Any CPU.ActiveCfg = Release|Any CPU
		{F079C0DB-D934-4F33-BC5F-28C071A46F2D}.Release|Any CPU.Build.0 = Release|Any CPU
		{53106ACF-A4F5-4AE3-805B-97BAB6F1095D}.Debug|Any CPU.ActiveCfg = Debug|Any CPU
		{53106ACF-A4F5-4AE3-805B-97BAB6F1095D}.Debug|Any CPU.Build.0 = Debug|Any CPU
		{53106ACF-A4F5-4AE3-805B-97BAB6F1095D}.Release|Any CPU.ActiveCfg = Release|Any CPU
		{53106ACF-A4F5-4AE3-805B-97BAB6F1095D}.Release|Any CPU.Build.0 = Release|Any CPU
		{BCE195BA-8854-4FC7-A829-9A2DDB3D9560}.Debug|Any CPU.ActiveCfg = Debug|Any CPU
		{BCE195BA-8854-4FC7-A829-9A2DDB3D9560}.Debug|Any CPU.Build.0 = Debug|Any CPU
		{BCE195BA-8854-4FC7-A829-9A2DDB3D9560}.Release|Any CPU.ActiveCfg = Release|Any CPU
		{BCE195BA-8854-4FC7-A829-9A2DDB3D9560}.Release|Any CPU.Build.0 = Release|Any CPU
		{9C789EAD-0393-4139-A990-1852207764FC}.Debug|Any CPU.ActiveCfg = Debug|Any CPU
		{9C789EAD-0393-4139-A990-1852207764FC}.Debug|Any CPU.Build.0 = Debug|Any CPU
		{9C789EAD-0393-4139-A990-1852207764FC}.Release|Any CPU.ActiveCfg = Release|Any CPU
		{9C789EAD-0393-4139-A990-1852207764FC}.Release|Any CPU.Build.0 = Release|Any CPU
		{8B12C451-3A80-407B-85D6-0122022E1B47}.Debug|Any CPU.ActiveCfg = Debug|Any CPU
		{8B12C451-3A80-407B-85D6-0122022E1B47}.Debug|Any CPU.Build.0 = Debug|Any CPU
		{8B12C451-3A80-407B-85D6-0122022E1B47}.Release|Any CPU.ActiveCfg = Release|Any CPU
		{8B12C451-3A80-407B-85D6-0122022E1B47}.Release|Any CPU.Build.0 = Release|Any CPU
		{2B2F2AD9-E9C8-47EE-8EE3-564F017F923C}.Debug|Any CPU.ActiveCfg = Debug|Any CPU
		{2B2F2AD9-E9C8-47EE-8EE3-564F017F923C}.Debug|Any CPU.Build.0 = Debug|Any CPU
		{2B2F2AD9-E9C8-47EE-8EE3-564F017F923C}.Release|Any CPU.ActiveCfg = Release|Any CPU
		{2B2F2AD9-E9C8-47EE-8EE3-564F017F923C}.Release|Any CPU.Build.0 = Release|Any CPU
		{F46236FF-0A2A-45A2-875D-A929B61A75CF}.Debug|Any CPU.ActiveCfg = Debug|Any CPU
		{F46236FF-0A2A-45A2-875D-A929B61A75CF}.Debug|Any CPU.Build.0 = Debug|Any CPU
		{F46236FF-0A2A-45A2-875D-A929B61A75CF}.Release|Any CPU.ActiveCfg = Release|Any CPU
		{F46236FF-0A2A-45A2-875D-A929B61A75CF}.Release|Any CPU.Build.0 = Release|Any CPU
		{2C0B0B6A-615D-46D9-91D5-D832D3A20FBB}.Debug|Any CPU.ActiveCfg = Debug|Any CPU
		{2C0B0B6A-615D-46D9-91D5-D832D3A20FBB}.Debug|Any CPU.Build.0 = Debug|Any CPU
		{2C0B0B6A-615D-46D9-91D5-D832D3A20FBB}.Release|Any CPU.ActiveCfg = Release|Any CPU
		{2C0B0B6A-615D-46D9-91D5-D832D3A20FBB}.Release|Any CPU.Build.0 = Release|Any CPU
		{18B074C5-BD69-47B5-BEE4-378DCF6C8D11}.Debug|Any CPU.ActiveCfg = Debug|Any CPU
		{18B074C5-BD69-47B5-BEE4-378DCF6C8D11}.Debug|Any CPU.Build.0 = Debug|Any CPU
		{18B074C5-BD69-47B5-BEE4-378DCF6C8D11}.Release|Any CPU.ActiveCfg = Release|Any CPU
		{18B074C5-BD69-47B5-BEE4-378DCF6C8D11}.Release|Any CPU.Build.0 = Release|Any CPU
		{8DB69652-283D-4AB1-B530-28B06C7487B9}.Debug|Any CPU.ActiveCfg = Debug|Any CPU
		{8DB69652-283D-4AB1-B530-28B06C7487B9}.Debug|Any CPU.Build.0 = Debug|Any CPU
		{8DB69652-283D-4AB1-B530-28B06C7487B9}.Release|Any CPU.ActiveCfg = Release|Any CPU
		{8DB69652-283D-4AB1-B530-28B06C7487B9}.Release|Any CPU.Build.0 = Release|Any CPU
		{4E097747-68B4-4C5E-A850-72E34C90F48B}.Debug|Any CPU.ActiveCfg = Debug|Any CPU
		{4E097747-68B4-4C5E-A850-72E34C90F48B}.Debug|Any CPU.Build.0 = Debug|Any CPU
		{4E097747-68B4-4C5E-A850-72E34C90F48B}.Release|Any CPU.ActiveCfg = Release|Any CPU
		{4E097747-68B4-4C5E-A850-72E34C90F48B}.Release|Any CPU.Build.0 = Release|Any CPU
	EndGlobalSection
	GlobalSection(SolutionProperties) = preSolution
		HideSolutionNode = FALSE
	EndGlobalSection
	GlobalSection(NestedProjects) = preSolution
		{4CBF3512-8B1A-4050-B4D9-3DE880DF915E} = {3906288C-D688-4E78-969B-1A4021EC1E63}
		{F5DCF2CF-4862-4E55-B288-AC2E990FF6EE} = {A1077C3D-F295-4140-A27E-50D26ECFC77D}
		{E2A9B9F7-4562-440E-899B-D413ADD2ED5F} = {F71FF5B7-BE5E-4E89-AAEC-D02504AC52C1}
		{45429FD1-9B43-43E3-98C4-B8089347A361} = {F71FF5B7-BE5E-4E89-AAEC-D02504AC52C1}
		{AD3C9F66-1110-4666-9DC4-0960018C3066} = {45429FD1-9B43-43E3-98C4-B8089347A361}
		{F079C0DB-D934-4F33-BC5F-28C071A46F2D} = {E2A9B9F7-4562-440E-899B-D413ADD2ED5F}
		{53106ACF-A4F5-4AE3-805B-97BAB6F1095D} = {EF76AB68-0D43-41D4-92FB-2442D11A11B2}
		{EF76AB68-0D43-41D4-92FB-2442D11A11B2} = {F71FF5B7-BE5E-4E89-AAEC-D02504AC52C1}
		{BCE195BA-8854-4FC7-A829-9A2DDB3D9560} = {5A2D0206-42BE-4F8A-A660-5D97DAC8D607}
		{C2D66495-E01F-4202-9CFC-DBB5187EED2E} = {5A2D0206-42BE-4F8A-A660-5D97DAC8D607}
		{9C789EAD-0393-4139-A990-1852207764FC} = {C2D66495-E01F-4202-9CFC-DBB5187EED2E}
		{8B12C451-3A80-407B-85D6-0122022E1B47} = {C2D66495-E01F-4202-9CFC-DBB5187EED2E}
		{2B2F2AD9-E9C8-47EE-8EE3-564F017F923C} = {A1077C3D-F295-4140-A27E-50D26ECFC77D}
		{F46236FF-0A2A-45A2-875D-A929B61A75CF} = {5A2D0206-42BE-4F8A-A660-5D97DAC8D607}
		{2C0B0B6A-615D-46D9-91D5-D832D3A20FBB} = {84B91933-FB01-4540-8236-BDECCBF13715}
		{18B074C5-BD69-47B5-BEE4-378DCF6C8D11} = {A1077C3D-F295-4140-A27E-50D26ECFC77D}
		{8DB69652-283D-4AB1-B530-28B06C7487B9} = {45429FD1-9B43-43E3-98C4-B8089347A361}
		{4E097747-68B4-4C5E-A850-72E34C90F48B} = {A1077C3D-F295-4140-A27E-50D26ECFC77D}
	EndGlobalSection
	GlobalSection(ExtensibilityGlobals) = postSolution
		SolutionGuid = {FF25365F-38AB-4F8B-B1D2-4A83451ACF45}
	EndGlobalSection
EndGlobal
